
Microsoft Visual Studio Solution File, Format Version 12.00
# Visual Studio 2012
Project("{8BC9CEB8-8B4A-11D0-8D11-00A0C91BC942}") = "CreditOrganizer", "CreditOrganizer\CreditOrganizer.vcxproj", "{CF8D61BA-F999-41F4-BC94-39B453F43E06}"
EndProject
Global
	GlobalSection(SolutionConfigurationPlatforms) = preSolution
		Debug|Win32 = Debug|Win32
		Release|Win32 = Release|Win32
	EndGlobalSection
	GlobalSection(ProjectConfigurationPlatforms) = postSolution
		{CF8D61BA-F999-41F4-BC94-39B453F43E06}.Debug|Win32.ActiveCfg = Debug|Win32
		{CF8D61BA-F999-41F4-BC94-39B453F43E06}.Debug|Win32.Build.0 = Debug|Win32
		{CF8D61BA-F999-41F4-BC94-39B453F43E06}.Release|Win32.ActiveCfg = Release|Win32
		{CF8D61BA-F999-41F4-BC94-39B453F43E06}.Release|Win32.Build.0 = Release|Win32
	EndGlobalSection
	GlobalSection(SolutionProperties) = preSolution
		HideSolutionNode = FALSE
	EndGlobalSection
EndGlobal
